{
  "name": "ridebuddy-monorepo",
  "version": "1.0.0",
  "lockfileVersion": 3,
  "requires": true,
  "packages": {
    "": {
      "name": "ridebuddy-monorepo",
      "version": "1.0.0",
      "hasInstallScript": true,
      "engines": {
        "node": ">=18"
      }
    },
    "mobile": {
      "name": "ridebuddy-mobile",
      "version": "1.0.0",
      "extraneous": true,
      "dependencies": {
        "@react-native-async-storage/async-storage": "^1.24.0",
        "@react-navigation/bottom-tabs": "^6.6.1",
        "@react-navigation/native": "^6.1.18",
        "@react-navigation/native-stack": "^6.11.0",
        "axios": "^1.7.7",
        "expo": "^55.0.9",
        "expo-status-bar": "~3.0.8",
        "react": "19.1.1",
        "react-native": "0.82.0",
        "react-native-safe-area-context": "^5.6.0",
        "react-native-screens": "~4.16.0",
        "react-native-toast-message": "^2.2.0"
      }
    },
    "server": {
      "name": "ridebuddy-server",
      "version": "1.0.0",
      "extraneous": true,
      "dependencies": {
        "bcryptjs": "^2.4.3",
        "cors": "^2.8.5",
        "dotenv": "^16.4.5",
        "express": "^4.21.1",
        "express-rate-limit": "^7.4.1",
        "helmet": "^8.0.0",
        "http-status-codes": "^2.3.0",
        "joi": "^17.13.3",
        "jsonwebtoken": "^9.0.2",
        "mongoose": "^8.8.0",
        "morgan": "^1.10.0",
        "winston": "^3.15.0"
      },
      "devDependencies": {
        "eslint": "^9.12.0",
        "nodemon": "^3.1.7"
      }
    }
  }
}
